
Microsoft Visual Studio Solution File, Format Version 12.00
# Visual Studio Version 17
VisualStudioVersion = 17.4.33110.190
MinimumVisualStudioVersion = 10.0.40219.1
Project("{FAE04EC0-301F-11D3-BF4B-00C04F79EFBC}") = "CislaApp", "CislaApp\CislaApp.csproj", "{D1DD7165-0EE8-4834-990F-4EFCF22A1A6D}"
EndProject
Global
	GlobalSection(SolutionConfigurationPlatforms) = preSolution
		Debug|Any CPU = Debug|Any CPU
		Release|Any CPU = Release|Any CPU
	EndGlobalSection
	GlobalSection(ProjectConfigurationPlatforms) = postSolution
		{D1DD7165-0EE8-4834-990F-4EFCF22A1A6D}.Debug|Any CPU.ActiveCfg = Debug|Any CPU
		{D1DD7165-0EE8-4834-990F-4EFCF22A1A6D}.Debug|Any CPU.Build.0 = Debug|Any CPU
		{D1DD7165-0EE8-4834-990F-4EFCF22A1A6D}.Release|Any CPU.ActiveCfg = Release|Any CPU
		{D1DD7165-0EE8-4834-990F-4EFCF22A1A6D}.Release|Any CPU.Build.0 = Release|Any CPU
	EndGlobalSection
	GlobalSection(SolutionProperties) = preSolution
		HideSolutionNode = FALSE
	EndGlobalSection
	GlobalSection(ExtensibilityGlobals) = postSolution
		SolutionGuid = {0B9AC6B8-0393-4CB2-8D42-D4F9076A53E9}
	EndGlobalSection
EndGlobal
